Microsoft Visual Studio Solution File, Format Version 11.00
# Visual Studio 2008

Project("{73409E4A-9B5F-50C7-2620-221936150127}") = "occult", "Assembly-CSharp-firstpass.csproj", "{98EA4CCE-F62E-16F8-8281-25F02BA6CBEC}"
EndProject
Project("{73409E4A-9B5F-50C7-2620-221936150127}") = "occult", "Assembly-CSharp.csproj", "{850981BC-A523-F058-5B1D-DD2831BAEE7F}"
EndProject
Project("{73409E4A-9B5F-50C7-2620-221936150127}") = "occult", "Assembly-UnityScript-firstpass.unityproj", "{06560A5E-5DBE-27E9-2731-1BF3D22DB9CD}"
EndProject
Global
	GlobalSection(SolutionConfigurationPlatforms) = preSolution
		Debug|Any CPU = Debug|Any CPU
		Release|Any CPU = Release|Any CPU
	EndGlobalSection
	GlobalSection(ProjectConfigurationPlatforms) = postSolution
		{98EA4CCE-F62E-16F8-8281-25F02BA6CBEC}.Debug|Any CPU.ActiveCfg = Debug|Any CPU
		{98EA4CCE-F62E-16F8-8281-25F02BA6CBEC}.Debug|Any CPU.Build.0 = Debug|Any CPU
		{98EA4CCE-F62E-16F8-8281-25F02BA6CBEC}.Release|Any CPU.ActiveCfg = Release|Any CPU
		{98EA4CCE-F62E-16F8-8281-25F02BA6CBEC}.Release|Any CPU.Build.0 = Release|Any CPU
		{850981BC-A523-F058-5B1D-DD2831BAEE7F}.Debug|Any CPU.ActiveCfg = Debug|Any CPU
		{850981BC-A523-F058-5B1D-DD2831BAEE7F}.Debug|Any CPU.Build.0 = Debug|Any CPU
		{850981BC-A523-F058-5B1D-DD2831BAEE7F}.Release|Any CPU.ActiveCfg = Release|Any CPU
		{850981BC-A523-F058-5B1D-DD2831BAEE7F}.Release|Any CPU.Build.0 = Release|Any CPU
		{06560A5E-5DBE-27E9-2731-1BF3D22DB9CD}.Debug|Any CPU.ActiveCfg = Debug|Any CPU
		{06560A5E-5DBE-27E9-2731-1BF3D22DB9CD}.Debug|Any CPU.Build.0 = Debug|Any CPU
		{06560A5E-5DBE-27E9-2731-1BF3D22DB9CD}.Release|Any CPU.ActiveCfg = Release|Any CPU
		{06560A5E-5DBE-27E9-2731-1BF3D22DB9CD}.Release|Any CPU.Build.0 = Release|Any CPU
	EndGlobalSection
	GlobalSection(SolutionProperties) = preSolution
		HideSolutionNode = FALSE
	EndGlobalSection
																	GlobalSection(MonoDevelopProperties) = preSolution
		StartupItem = Assembly-CSharp.csproj
		Policies = $0
		$0.TextStylePolicy = $1
		$1.inheritsSet = null
		$1.scope = text/x-csharp
		$0.CSharpFormattingPolicy = $2
		$2.inheritsSet = Mono
		$2.inheritsScope = text/x-csharp
		$2.scope = text/x-csharp
		$0.TextStylePolicy = $3
		$3.FileWidth = 120
		$3.TabWidth = 4
		$3.EolMarker = Unix
		$3.inheritsSet = Mono
		$3.inheritsScope = text/plain
		$3.scope = text/plain
	EndGlobalSection

EndGlobal
